// !$*UTF8*$!
{
	archiveVersion = 1;
	classes = {
	};
	objectVersion = 46;
	objects = {

/* Begin PBXBuildFile section */
		276A02AC1D20F6E700D22D03 /* AppDelegate.swift in Sources */ = {isa = PBXBuildFile; fileRef = 276A02AB1D20F6E700D22D03 /* AppDelegate.swift */; };
		276A02AE1D20F6E700D22D03 /* ViewController.swift in Sources */ = {isa = PBXBuildFile; fileRef = 276A02AD1D20F6E700D22D03 /* ViewController.swift */; };
		276A02B11D20F6E700D22D03 /* Main.storyboard in Resources */ = {isa = PBXBuildFile; fileRef = 276A02AF1D20F6E700D22D03 /* Main.storyboard */; };
		276A02B31D20F6E700D22D03 /* Assets.xcassets in Resources */ = {isa = PBXBuildFile; fileRef = 276A02B21D20F6E700D22D03 /* Assets.xcassets */; };
		276A02B61D20F6E700D22D03 /* LaunchScreen.storyboard in Resources */ = {isa = PBXBuildFile; fileRef = 276A02B41D20F6E700D22D03 /* LaunchScreen.storyboard */; };
		27BAFE651D20F75300D8CAD2 /* CollectionViewController.swift in Sources */ = {isa = PBXBuildFile; fileRef = 27BAFE641D20F75300D8CAD2 /* CollectionViewController.swift */; };
		27BAFE671D20F83900D8CAD2 /* Picture.swift in Sources */ = {isa = PBXBuildFile; fileRef = 27BAFE661D20F83900D8CAD2 /* Picture.swift */; };
		27BAFE6A1D20F93000D8CAD2 /* CollectionViewCell.swift in Sources */ = {isa = PBXBuildFile; fileRef = 27BAFE681D20F93000D8CAD2 /* CollectionViewCell.swift */; };
		27BAFE6B1D20F93000D8CAD2 /* CollectionViewCell.xib in Resources */ = {isa = PBXBuildFile; fileRef = 27BAFE691D20F93000D8CAD2 /* CollectionViewCell.xib */; };
/* End PBXBuildFile section */

/* Begin PBXFileReference section */
		276A02A81D20F6E700D22D03 /* CollectionHomeWork.app */ = {isa = PBXFileReference; explicitFileType = wrapper.application; includeInIndex = 0; path = CollectionHomeWork.app; sourceTree = BUILT_PRODUCTS_DIR; };
		276A02AB1D20F6E700D22D03 /* AppDelegate.swift */ = {isa = PBXFileReference; lastKnownFileType = sourcecode.swift; path = AppDelegate.swift; sourceTree = "<group>"; };
		276A02AD1D20F6E700D22D03 /* ViewController.swift */ = {isa = PBXFileReference; lastKnownFileType = sourcecode.swift; path = ViewController.swift; sourceTree = "<group>"; };
		276A02B01D20F6E700D22D03 /* Base */ = {isa = PBXFileReference; lastKnownFileType = file.storyboard; name = Base; path = Base.lproj/Main.storyboard; sourceTree = "<group>"; };
		276A02B21D20F6E700D22D03 /* Assets.xcassets */ = {isa = PBXFileReference; lastKnownFileType = folder.assetcatalog; path = Assets.xcassets; sourceTree = "<group>"; };
		276A02B51D20F6E700D22D03 /* Base */ = {isa = PBXFileReference; lastKnownFileType = file.storyboard; name = Base; path = Base.lproj/LaunchScreen.storyboard; sourceTree = "<group>"; };
		276A02B71D20F6E700D22D03 /* Info.plist */ = {isa = PBXFileReference; lastKnownFileType = text.plist.xml; path = Info.plist; sourceTree = "<group>"; };
		27BAFE641D20F75300D8CAD2 /* CollectionViewController.swift */ = {isa = PBXFileReference; fileEncoding = 4; lastKnownFileType = sourcecode.swift; path = CollectionViewController.swift; sourceTree = "<group>"; };
		27BAFE661D20F83900D8CAD2 /* Picture.swift */ = {isa = PBXFileReference; fileEncoding = 4; lastKnownFileType = sourcecode.swift; path = Picture.swift; sourceTree = "<group>"; };
		27BAFE681D20F93000D8CAD2 /* CollectionViewCell.swift */ = {isa = PBXFileReference; fileEncoding = 4; lastKnownFileType = sourcecode.swift; path = CollectionViewCell.swift; sourceTree = "<group>"; };
		27BAFE691D20F93000D8CAD2 /* CollectionViewCell.xib */ = {isa = PBXFileReference; fileEncoding = 4; lastKnownFileType = file.xib; path = CollectionViewCell.xib; sourceTree = "<group>"; };
/* End PBXFileReference section */

/* Begin PBXFrameworksBuildPhase section */
		276A02A51D20F6E700D22D03 /* Frameworks */ = {
			isa = PBXFrameworksBuildPhase;
			buildActionMask = 2147483647;
			files = (
			);
			runOnlyForDeploymentPostprocessing = 0;
		};
/* End PBXFrameworksBuildPhase section */

/* Begin PBXGroup section */
		276A029F1D20F6E700D22D03 = {
			isa = PBXGroup;
			children = (
				276A02AA1D20F6E700D22D03 /* CollectionHomeWork */,
				276A02A91D20F6E700D22D03 /* Products */,
			);
			sourceTree = "<group>";
		};
		276A02A91D20F6E700D22D03 /* Products */ = {
			isa = PBXGroup;
			children = (
				276A02A81D20F6E700D22D03 /* CollectionHomeWork.app */,
			);
			name = Products;
			sourceTree = "<group>";
		};
		276A02AA1D20F6E700D22D03 /* CollectionHomeWork */ = {
			isa = PBXGroup;
			children = (
				276A02AF1D20F6E700D22D03 /* Main.storyboard */,
				276A02AB1D20F6E700D22D03 /* AppDelegate.swift */,
				276A02AD1D20F6E700D22D03 /* ViewController.swift */,
				27BAFE641D20F75300D8CAD2 /* CollectionViewController.swift */,
				27BAFE681D20F93000D8CAD2 /* CollectionViewCell.swift */,
				27BAFE691D20F93000D8CAD2 /* CollectionViewCell.xib */,
				27BAFE661D20F83900D8CAD2 /* Picture.swift */,
				276A02B21D20F6E700D22D03 /* Assets.xcassets */,
				276A02B41D20F6E700D22D03 /* LaunchScreen.storyboard */,
				276A02B71D20F6E700D22D03 /* Info.plist */,
			);
			path = CollectionHomeWork;
			sourceTree = "<group>";
		};
/* End PBXGroup section */

/* Begin PBXNativeTarget section */
		276A02A71D20F6E700D22D03 /* CollectionHomeWork */ = {
			isa = PBXNativeTarget;
			buildConfigurationList = 276A02BA1D20F6E700D22D03 /* Build configuration list for PBXNativeTarget "CollectionHomeWork" */;
			buildPhases = (
				276A02A41D20F6E700D22D03 /* Sources */,
				276A02A51D20F6E700D22D03 /* Frameworks */,
				276A02A61D20F6E700D22D03 /* Resources */,
			);
			buildRules = (
			);
			dependencies = (
			);
			name = CollectionHomeWork;
			productName = CollectionHomeWork;
			productReference = 276A02A81D20F6E700D22D03 /* CollectionHomeWork.app */;
			productType = "com.apple.product-type.application";
		};
/* End PBXNativeTarget section */

/* Begin PBXProject section */
		276A02A01D20F6E700D22D03 /* Project object */ = {
			isa = PBXProject;
			attributes = {
				LastSwiftUpdateCheck = 0730;
				LastUpgradeCheck = 0730;
				ORGANIZATIONNAME = Alphacamp;
				TargetAttributes = {
					276A02A71D20F6E700D22D03 = {
						CreatedOnToolsVersion = 7.3.1;
					};
				};
			};
			buildConfigurationList = 276A02A31D20F6E700D22D03 /* Build configuration list for PBXProject "CollectionHomeWork" */;
			compatibilityVersion = "Xcode 3.2";
			developmentRegion = English;
			hasScannedForEncodings = 0;
			knownRegions = (
				en,
				Base,
			);
			mainGroup = 276A029F1D20F6E700D22D03;
			productRefGroup = 276A02A91D20F6E700D22D03 /* Products */;
			projectDirPath = "";
			projectRoot = "";
			targets = (
				276A02A71D20F6E700D22D03 /* CollectionHomeWork */,
			);
		};
/* End PBXProject section */

/* Begin PBXResourcesBuildPhase section */
		276A02A61D20F6E700D22D03 /* Resources */ = {
			isa = PBXResourcesBuildPhase;
			buildActionMask = 2147483647;
			files = (
				276A02B61D20F6E700D22D03 /* LaunchScreen.storyboard in Resources */,
				276A02B31D20F6E700D22D03 /* Assets.xcassets in Resources */,
				27BAFE6B1D20F93000D8CAD2 /* CollectionViewCell.xib in Resources */,
				276A02B11D20F6E700D22D03 /* Main.storyboard in Resources */,
			);
			runOnlyForDeploymentPostprocessing = 0;
		};
/* End PBXResourcesBuildPhase section */

/* Begin PBXSourcesBuildPhase section */
		276A02A41D20F6E700D22D03 /* Sources */ = {
			isa = PBXSourcesBuildPhase;
			buildActionMask = 2147483647;
			files = (
				27BAFE6A1D20F93000D8CAD2 /* CollectionViewCell.swift in Sources */,
				27BAFE671D20F83900D8CAD2 /* Picture.swift in Sources */,
				27BAFE651D20F75300D8CAD2 /* CollectionViewController.swift in Sources */,
				276A02AE1D20F6E700D22D03 /* ViewController.swift in Sources */,
				276A02AC1D20F6E700D22D03 /* AppDelegate.swift in Sources */,
			);
			runOnlyForDeploymentPostprocessing = 0;
		};
/* End PBXSourcesBuildPhase section */

/* Begin PBXVariantGroup section */
		276A02AF1D20F6E700D22D03 /* Main.storyboard */ = {
			isa = PBXVariantGroup;
			children = (
				276A02B01D20F6E700D22D03 /* Base */,
			);
			name = Main.storyboard;
			sourceTree = "<group>";
		};
		276A02B41D20F6E700D22D03 /* LaunchScreen.storyboard */ = {
			isa = PBXVariantGroup;
			children = (
				276A02B51D20F6E700D22D03 /* Base */,
			);
			name = LaunchScreen.storyboard;
			sourceTree = "<group>";
		};
/* End PBXVariantGroup section */

/* Begin XCBuildConfiguration section */
		276A02B81D20F6E700D22D03 /* Debug */ = {
			isa = XCBuildConfiguration;
			buildSettings = {
				ALWAYS_SEARCH_USER_PATHS = NO;
				CLANG_ANALYZER_NONNULL = YES;
				CLANG_CXX_LANGUAGE_STANDARD = "gnu++0x";
				CLANG_CXX_LIBRARY = "libc++";
				CLANG_ENABLE_MODULES = YES;
				CLANG_ENABLE_OBJC_ARC = YES;
				CLANG_WARN_BOOL_CONVERSION = YES;
				CLANG_WARN_CONSTANT_CONVERSION = YES;
				CLANG_WARN_DIRECT_OBJC_ISA_USAGE = YES_ERROR;
				CLANG_WARN_EMPTY_BODY = YES;
				CLANG_WARN_ENUM_CONVERSION = YES;
				CLANG_WARN_INT_CONVERSION = YES;
				CLANG_WARN_OBJC_ROOT_CLASS = YES_ERROR;
				CLANG_WARN_UNREACHABLE_CODE = YES;
				CLANG_WARN__DUPLICATE_METHOD_MATCH = YES;
				"CODE_SIGN_IDENTITY[sdk=iphoneos*]" = "iPhone Developer";
				COPY_PHASE_STRIP = NO;
				DEBUG_INFORMATION_FORMAT = dwarf;
				ENABLE_STRICT_OBJC_MSGSEND = YES;
				ENABLE_TESTABILITY = YES;
				GCC_C_LANGUAGE_STANDARD = gnu99;
				GCC_DYNAMIC_NO_PIC = NO;
				GCC_NO_COMMON_BLOCKS = YES;
				GCC_OPTIMIZATION_LEVEL = 0;
				GCC_PREPROCESSOR_DEFINITIONS = (
					"DEBUG=1",
					"$(inherited)",
				);
				GCC_WARN_64_TO_32_BIT_CONVERSION = YES;
				GCC_WARN_ABOUT_RETURN_TYPE = YES_ERROR;
				GCC_WARN_UNDECLARED_SELECTOR = YES;
				GCC_WARN_UNINITIALIZED_AUTOS = YES_AGGRESSIVE;
				GCC_WARN_UNUSED_FUNCTION = YES;
				GCC_WARN_UNUSED_VARIABLE = YES;
				IPHONEOS_DEPLOYMENT_TARGET = 9.3;
				MTL_ENABLE_DEBUG_INFO = YES;
				ONLY_ACTIVE_ARCH = YES;
				SDKROOT = iphoneos;
				SWIFT_OPTIMIZATION_LEVEL = "-Onone";
			};
			name = Debug;
		};
		276A02B91D20F6E700D22D03 /* Release */ = {
			isa = XCBuildConfiguration;
			buildSettings = {
				ALWAYS_SEARCH_USER_PATHS = NO;
				CLANG_ANALYZER_NONNULL = YES;
				CLANG_CXX_LANGUAGE_STANDARD = "gnu++0x";
				CLANG_CXX_LIBRARY = "libc++";
				CLANG_ENABLE_MODULES = YES;
				CLANG_ENABLE_OBJC_ARC = YES;
				CLANG_WARN_BOOL_CONVERSION = YES;
				CLANG_WARN_CONSTANT_CONVERSION = YES;
				CLANG_WARN_DIRECT_OBJC_ISA_USAGE = YES_ERROR;
				CLANG_WARN_EMPTY_BODY = YES;
				CLANG_WARN_ENUM_CONVERSION = YES;
				CLANG_WARN_INT_CONVERSION = YES;
				CLANG_WARN_OBJC_ROOT_CLASS = YES_ERROR;
				CLANG_WARN_UNREACHABLE_CODE = YES;
				CLANG_WARN__DUPLICATE_METHOD_MATCH = YES;
				"CODE_SIGN_IDENTITY[sdk=iphoneos*]" = "iPhone Developer";
				COPY_PHASE_STRIP = NO;
				DEBUG_INFORMATION_FORMAT = "dwarf-with-dsym";
				ENABLE_NS_ASSERTIONS = NO;
				ENABLE_STRICT_OBJC_MSGSEND = YES;
				GCC_C_LANGUAGE_STANDARD = gnu99;
				GCC_NO_COMMON_BLOCKS = YES;
				GCC_WARN_64_TO_32_BIT_CONVERSION = YES;
				GCC_WARN_ABOUT_RETURN_TYPE = YES_ERROR;
				GCC_WARN_UNDECLARED_SELECTOR = YES;
				GCC_WARN_UNINITIALIZED_AUTOS = YES_AGGRESSIVE;
				GCC_WARN_UNUSED_FUNCTION = YES;
				GCC_WARN_UNUSED_VARIABLE = YES;
				IPHONEOS_DEPLOYMENT_TARGET = 9.3;
				MTL_ENABLE_DEBUG_INFO = NO;
				SDKROOT = iphoneos;
				VALIDATE_PRODUCT = YES;
			};
			name = Release;
		};
		276A02BB1D20F6E700D22D03 /* Debug */ = {
			isa = XCBuildConfiguration;
			buildSettings = {
				ASSETCATALOG_COMPILER_APPICON_NAME = AppIcon;
				INFOPLIST_FILE = CollectionHomeWork/Info.plist;
				LD_RUNPATH_SEARCH_PATHS = "$(inherited) @executable_path/Frameworks";
				PRODUCT_BUNDLE_IDENTIFIER = co.Alphacamp.CollectionHomeWork;
				PRODUCT_NAME = "$(TARGET_NAME)";
			};
			name = Debug;
		};
		276A02BC1D20F6E700D22D03 /* Release */ = {
			isa = XCBuildConfiguration;
			buildSettings = {
				ASSETCATALOG_COMPILER_APPICON_NAME = AppIcon;
				INFOPLIST_FILE = CollectionHomeWork/Info.plist;
				LD_RUNPATH_SEARCH_PATHS = "$(inherited) @executable_path/Frameworks";
				PRODUCT_BUNDLE_IDENTIFIER = co.Alphacamp.CollectionHomeWork;
				PRODUCT_NAME = "$(TARGET_NAME)";
			};
			name = Release;
		};
/* End XCBuildConfiguration section */

/* Begin XCConfigurationList section */
		276A02A31D20F6E700D22D03 /* Build configuration list for PBXProject "CollectionHomeWork" */ = {
			isa = XCConfigurationList;
			buildConfigurations = (
				276A02B81D20F6E700D22D03 /* Debug */,
				276A02B91D20F6E700D22D03 /* Release */,
			);
			defaultConfigurationIsVisible = 0;
			defaultConfigurationName = Release;
		};
		276A02BA1D20F6E700D22D03 /* Build configuration list for PBXNativeTarget "CollectionHomeWork" */ = {
			isa = XCConfigurationList;
			buildConfigurations = (
				276A02BB1D20F6E700D22D03 /* Debug */,
				276A02BC1D20F6E700D22D03 /* Release */,
			);
			defaultConfigurationIsVisible = 0;
			defaultConfigurationName = Release;
		};
/* End XCConfigurationList section */
	};
	rootObject = 276A02A01D20F6E700D22D03 /* Project object */;
}
